
Microsoft Visual Studio Solution File, Format Version 12.00
# Visual Studio Version 17
VisualStudioVersion = 17.5.002.0
MinimumVisualStudioVersion = 10.0.40219.1
Project("{9A19103F-16F7-4668-BE54-9A1E7A4F7556}") = "dapper-unit-of-work", "dapper-unit-of-work.csproj", "{CACF5DEB-7BF3-441F-B617-550E6984D1E0}"
EndProject
Global
	GlobalSection(SolutionConfigurationPlatforms) = preSolution
		Debug|Any CPU = Debug|Any CPU
		Release|Any CPU = Release|Any CPU
	EndGlobalSection
	GlobalSection(ProjectConfigurationPlatforms) = postSolution
		{CACF5DEB-7BF3-441F-B617-550E6984D1E0}.Debug|Any CPU.ActiveCfg = Debug|Any CPU
		{CACF5DEB-7BF3-441F-B617-550E6984D1E0}.Debug|Any CPU.Build.0 = Debug|Any CPU
		{CACF5DEB-7BF3-441F-B617-550E6984D1E0}.Release|Any CPU.ActiveCfg = Release|Any CPU
		{CACF5DEB-7BF3-441F-B617-550E6984D1E0}.Release|Any CPU.Build.0 = Release|Any CPU
	EndGlobalSection
	GlobalSection(SolutionProperties) = preSolution
		HideSolutionNode = FALSE
	EndGlobalSection
	GlobalSection(ExtensibilityGlobals) = postSolution
		SolutionGuid = {0A94E157-FC8A-4A88-B767-E5EC755D2560}
	EndGlobalSection
EndGlobal
